
Microsoft Visual Studio Solution File, Format Version 12.00
# Visual Studio 2012
Project("{FAE04EC0-301F-11D3-BF4B-00C04F79EFBC}") = "ExamProgram", "ExamProgram\ExamProgram.csproj", "{9DBC111F-8F0A-4E94-B6F1-63BA744A228F}"
EndProject
Global
	GlobalSection(SolutionConfigurationPlatforms) = preSolution
		Debug|Any CPU = Debug|Any CPU
		Release|Any CPU = Release|Any CPU
	EndGlobalSection
	GlobalSection(ProjectConfigurationPlatforms) = postSolution
		{9DBC111F-8F0A-4E94-B6F1-63BA744A228F}.Debug|Any CPU.ActiveCfg = Debug|Any CPU
		{9DBC111F-8F0A-4E94-B6F1-63BA744A228F}.Debug|Any CPU.Build.0 = Debug|Any CPU
		{9DBC111F-8F0A-4E94-B6F1-63BA744A228F}.Release|Any CPU.ActiveCfg = Release|Any CPU
		{9DBC111F-8F0A-4E94-B6F1-63BA744A228F}.Release|Any CPU.Build.0 = Release|Any CPU
	EndGlobalSection
	GlobalSection(SolutionProperties) = preSolution
		HideSolutionNode = FALSE
	EndGlobalSection
EndGlobal
